PODS:
  - IGListKit (3.4.0):
    - IGListKit/Default (= 3.4.0)
  - IGListKit/Default (3.4.0):
    - IGListKit/Diffing
  - IGListKit/Diffing (3.4.0)
  - Nimble (7.3.4)
  - PINCache (3.0.1-beta.6):
    - PINCache/Arc-exception-safe (= 3.0.1-beta.6)
    - PINCache/Core (= 3.0.1-beta.6)
  - PINCache/Arc-exception-safe (3.0.1-beta.6):
    - PINCache/Core
  - PINCache/Core (3.0.1-beta.6):
    - PINOperation (~> 1.1.0)
  - PINOperation (1.1.1)
  - PINRemoteImage/Core (3.0.0-beta.13):
    - PINOperation
  - PINRemoteImage/iOS (3.0.0-beta.13):
    - PINRemoteImage/Core
  - PINRemoteImage/PINCache (3.0.0-beta.13):
    - PINCache (= 3.0.1-beta.6)
    - PINRemoteImage/Core
  - Quick (2.1.0)
  - ReactorKit (1.2.1):
    - RxSwift (>= 4.0.0)
  - RxCocoa (4.5.0):
    - RxSwift (>= 4.4.2, ~> 4.4)
  - RxNimble/Core (4.4.0):
    - Nimble (~> 7.0)
    - RxSwift (~> 4.2)
  - RxNimble/RxTest (4.4.0):
    - RxNimble/Core
    - RxTest
  - RxOptional (3.6.2):
    - RxCocoa (~> 4.0)
    - RxSwift (~> 4.0)
  - RxSwift (4.5.0)
  - RxTest (4.5.0):
    - RxSwift (>= 4.4.2, ~> 4.4)
  - RxViewController (0.4.1):
    - RxCocoa (>= 4.0.0)
    - RxSwift (>= 4.0.0)
  - SnapKit (5.0.0)
  - Stubber (1.4.0)
  - SwiftLint (0.31.0)
  - Texture (2.8):
    - Texture/AssetsLibrary (= 2.8)
    - Texture/Core (= 2.8)
    - Texture/MapKit (= 2.8)
    - Texture/Photos (= 2.8)
    - Texture/PINRemoteImage (= 2.8)
    - Texture/Video (= 2.8)
  - Texture/AssetsLibrary (2.8):
    - Texture/Core
  - Texture/Core (2.8)
  - Texture/IGListKit (2.8):
    - IGListKit (~> 3.0)
    - Texture/Core
  - Texture/MapKit (2.8):
    - Texture/Core
  - Texture/Photos (2.8):
    - Texture/Core
  - Texture/PINRemoteImage (2.8):
    - PINRemoteImage/iOS (= 3.0.0-beta.13)
    - PINRemoteImage/PINCache
    - Texture/Core
  - Texture/Video (2.8):
    - Texture/Core
  - Then (2.4.0)

DEPENDENCIES:
  - IGListKit
  - Quick
  - ReactorKit
  - RxCocoa
  - RxNimble/RxTest
  - RxOptional
  - RxSwift
  - RxViewController
  - SnapKit
  - Stubber
  - SwiftLint
  - Texture
  - Texture/IGListKit
  - Then

SPEC REPOS:
  https://github.com/cocoapods/specs.git:
    - IGListKit
    - Nimble
    - PINCache
    - PINOperation
    - PINRemoteImage
    - Quick
    - ReactorKit
    - RxCocoa
    - RxNimble
    - RxOptional
    - RxSwift
    - RxTest
    - RxViewController
    - SnapKit
    - Stubber
    - SwiftLint
    - Texture
    - Then

SPEC CHECKSUMS:
  IGListKit: 7a5d788e9fb746bcd402baa8e8b24bc3bd2a5a07
  Nimble: 051e3d8912d40138fa5591c78594f95fb172af37
  PINCache: d195fdba255283f7e9900a55e3cced377f431f9b
  PINOperation: a6219e6fc9db9c269eb7a7b871ac193bcf400aac
  PINRemoteImage: d6d51c5d2adda55f1ce30c96e850b6c4ebd2856a
  Quick: 4be43f6634acfa727dd106bdf3929ce125ffa79d
  ReactorKit: 8be57f0527ad1ac2963cd5c338274a46a01e57a3
  RxCocoa: cbf70265dc65a981d4ac982e513c10cf23df24a0
  RxNimble: ba6caf0195c37fd50dd4b967624b66ff580d781a
  RxOptional: 80426a0ddbd092573e4c482d8cc13302078c4d5e
  RxSwift: f172070dfd1a93d70a9ab97a5a01166206e1c575
  RxTest: 3ccb66bfbace0bf7df1c43a7c75d046f8ce60372
  RxViewController: e93e7c233d5b5b62c32231d69726d55f54081bc6
  SnapKit: fd22d10eb9aff484d79a8724eab922c1ddf89bcf
  Stubber: 241303d241ad91f70d6d6d20cdaeae5255c82b57
  SwiftLint: 7a0227733d786395817373b2d0ca799fd0093ff3
  Texture: fc6e0157201f3a6e503d364c147b1872e365cef4
  Then: 71866660c7af35a7343831f7668e7cd2b62ee0f2

PODFILE CHECKSUM: f70943ba01541e9d5a8520ae14db2da07d55ecf6

COCOAPODS: 1.6.0
